
Microsoft Visual Studio Solution File, Format Version 12.00
# Visual Studio Version 17
VisualStudioVersion = 17.4.33213.308
MinimumVisualStudioVersion = 10.0.40219.1
Project("{FAE04EC0-301F-11D3-BF4B-00C04F79EFBC}") = "COMP003A.Assignment3", "COMP003A.Assignment3\COMP003A.Assignment3.csproj", "{EADE497D-E280-4C77-981F-E12F0644C669}"
EndProject
Global
	GlobalSection(SolutionConfigurationPlatforms) = preSolution
		Debug|Any CPU = Debug|Any CPU
		Release|Any CPU = Release|Any CPU
	EndGlobalSection
	GlobalSection(ProjectConfigurationPlatforms) = postSolution
		{EADE497D-E280-4C77-981F-E12F0644C669}.Debug|Any CPU.ActiveCfg = Debug|Any CPU
		{EADE497D-E280-4C77-981F-E12F0644C669}.Debug|Any CPU.Build.0 = Debug|Any CPU
		{EADE497D-E280-4C77-981F-E12F0644C669}.Release|Any CPU.ActiveCfg = Release|Any CPU
		{EADE497D-E280-4C77-981F-E12F0644C669}.Release|Any CPU.Build.0 = Release|Any CPU
	EndGlobalSection
	GlobalSection(SolutionProperties) = preSolution
		HideSolutionNode = FALSE
	EndGlobalSection
	GlobalSection(ExtensibilityGlobals) = postSolution
		SolutionGuid = {B573C171-D156-4F0A-9E09-86739A3F8424}
	EndGlobalSection
EndGlobal
